// !$*UTF8*$!
{
	archiveVersion = 1;
	classes = {
	};
	objectVersion = 46;
	objects = {

/* Begin PBXBuildFile section */
		63F3FA6F177F0BD9006BD78F /* Foundation.framework in Frameworks */ = {isa = PBXBuildFile; fileRef = 63F3FA6E177F0BD9006BD78F /* Foundation.framework */; };
		63F3FA71177F0BD9006BD78F /* CoreGraphics.framework in Frameworks */ = {isa = PBXBuildFile; fileRef = 63F3FA70177F0BD9006BD78F /* CoreGraphics.framework */; };
		63F3FA73177F0BD9006BD78F /* UIKit.framework in Frameworks */ = {isa = PBXBuildFile; fileRef = 63F3FA72177F0BD9006BD78F /* UIKit.framework */; };
		63F3FA75177F0BD9006BD78F /* CoreData.framework in Frameworks */ = {isa = PBXBuildFile; fileRef = 63F3FA74177F0BD9006BD78F /* CoreData.framework */; };
		63F3FA7B177F0BD9006BD78F /* InfoPlist.strings in Resources */ = {isa = PBXBuildFile; fileRef = 63F3FA79177F0BD9006BD78F /* InfoPlist.strings */; };
		63F3FA7D177F0BD9006BD78F /* main.m in Sources */ = {isa = PBXBuildFile; fileRef = 63F3FA7C177F0BD9006BD78F /* main.m */; };
		63F3FA81177F0BD9006BD78F /* AppDelegate.m in Sources */ = {isa = PBXBuildFile; fileRef = 63F3FA80177F0BD9006BD78F /* AppDelegate.m */; };
		63F3FA84177F0BD9006BD78F /* Hue.xcdatamodeld in Sources */ = {isa = PBXBuildFile; fileRef = 63F3FA82177F0BD9006BD78F /* Hue.xcdatamodeld */; };
		63F3FA86177F0BD9006BD78F /* Images.xcassets in Resources */ = {isa = PBXBuildFile; fileRef = 63F3FA85177F0BD9006BD78F /* Images.xcassets */; };
		63F3FA8D177F0BD9006BD78F /* XCTest.framework in Frameworks */ = {isa = PBXBuildFile; fileRef = 63F3FA8C177F0BD9006BD78F /* XCTest.framework */; };
		63F3FA8E177F0BD9006BD78F /* Foundation.framework in Frameworks */ = {isa = PBXBuildFile; fileRef = 63F3FA6E177F0BD9006BD78F /* Foundation.framework */; };
		63F3FA8F177F0BD9006BD78F /* UIKit.framework in Frameworks */ = {isa = PBXBuildFile; fileRef = 63F3FA72177F0BD9006BD78F /* UIKit.framework */; };
		63F3FA90177F0BD9006BD78F /* CoreData.framework in Frameworks */ = {isa = PBXBuildFile; fileRef = 63F3FA74177F0BD9006BD78F /* CoreData.framework */; };
		63F3FA98177F0BD9006BD78F /* InfoPlist.strings in Resources */ = {isa = PBXBuildFile; fileRef = 63F3FA96177F0BD9006BD78F /* InfoPlist.strings */; };
		63F3FA9A177F0BD9006BD78F /* HueTests.m in Sources */ = {isa = PBXBuildFile; fileRef = 63F3FA99177F0BD9006BD78F /* HueTests.m */; };
/* End PBXBuildFile section */

/* Begin PBXContainerItemProxy section */
		63F3FA91177F0BD9006BD78F /* PBXContainerItemProxy */ = {
			isa = PBXContainerItemProxy;
			containerPortal = 63F3FA63177F0BD8006BD78F /* Project object */;
			proxyType = 1;
			remoteGlobalIDString = 63F3FA6A177F0BD8006BD78F;
			remoteInfo = Hue;
		};
/* End PBXContainerItemProxy section */

/* Begin PBXFileReference section */
		63F3FA6B177F0BD9006BD78F /* Hue.app */ = {isa = PBXFileReference; explicitFileType = wrapper.application; includeInIndex = 0; path = Hue.app; sourceTree = BUILT_PRODUCTS_DIR; };
		63F3FA6E177F0BD9006BD78F /* Foundation.framework */ = {isa = PBXFileReference; lastKnownFileType = wrapper.framework; name = Foundation.framework; path = System/Library/Frameworks/Foundation.framework; sourceTree = SDKROOT; };
		63F3FA70177F0BD9006BD78F /* CoreGraphics.framework */ = {isa = PBXFileReference; lastKnownFileType = wrapper.framework; name = CoreGraphics.framework; path = System/Library/Frameworks/CoreGraphics.framework; sourceTree = SDKROOT; };
		63F3FA72177F0BD9006BD78F /* UIKit.framework */ = {isa = PBXFileReference; lastKnownFileType = wrapper.framework; name = UIKit.framework; path = System/Library/Frameworks/UIKit.framework; sourceTree = SDKROOT; };
		63F3FA74177F0BD9006BD78F /* CoreData.framework */ = {isa = PBXFileReference; lastKnownFileType = wrapper.framework; name = CoreData.framework; path = System/Library/Frameworks/CoreData.framework; sourceTree = SDKROOT; };
		63F3FA78177F0BD9006BD78F /* Hue-Info.plist */ = {isa = PBXFileReference; lastKnownFileType = text.plist.xml; path = "Hue-Info.plist"; sourceTree = "<group>"; };
		63F3FA7A177F0BD9006BD78F /* en */ = {isa = PBXFileReference; lastKnownFileType = text.plist.strings; name = en; path = en.lproj/InfoPlist.strings; sourceTree = "<group>"; };
		63F3FA7C177F0BD9006BD78F /* main.m */ = {isa = PBXFileReference; lastKnownFileType = sourcecode.c.objc; path = main.m; sourceTree = "<group>"; };
		63F3FA7E177F0BD9006BD78F /* Hue-Prefix.pch */ = {isa = PBXFileReference; lastKnownFileType = sourcecode.c.h; path = "Hue-Prefix.pch"; sourceTree = "<group>"; };
		63F3FA7F177F0BD9006BD78F /* AppDelegate.h */ = {isa = PBXFileReference; lastKnownFileType = sourcecode.c.h; path = AppDelegate.h; sourceTree = "<group>"; };
		63F3FA80177F0BD9006BD78F /* AppDelegate.m */ = {isa = PBXFileReference; lastKnownFileType = sourcecode.c.objc; path = AppDelegate.m; sourceTree = "<group>"; };
		63F3FA83177F0BD9006BD78F /* Hue.xcdatamodel */ = {isa = PBXFileReference; lastKnownFileType = wrapper.xcdatamodel; path = Hue.xcdatamodel; sourceTree = "<group>"; };
		63F3FA85177F0BD9006BD78F /* Images.xcassets */ = {isa = PBXFileReference; lastKnownFileType = folder.assetcatalog; path = Images.xcassets; sourceTree = "<group>"; };
		63F3FA8B177F0BD9006BD78F /* HueTests.xctest */ = {isa = PBXFileReference; explicitFileType = wrapper.cfbundle; includeInIndex = 0; path = HueTests.xctest; sourceTree = BUILT_PRODUCTS_DIR; };
		63F3FA8C177F0BD9006BD78F /* XCTest.framework */ = {isa = PBXFileReference; lastKnownFileType = wrapper.framework; name = XCTest.framework; path = Library/Frameworks/XCTest.framework; sourceTree = DEVELOPER_DIR; };
		63F3FA95177F0BD9006BD78F /* HueTests-Info.plist */ = {isa = PBXFileReference; lastKnownFileType = text.plist.xml; path = "HueTests-Info.plist"; sourceTree = "<group>"; };
		63F3FA97177F0BD9006BD78F /* en */ = {isa = PBXFileReference; lastKnownFileType = text.plist.strings; name = en; path = en.lproj/InfoPlist.strings; sourceTree = "<group>"; };
		63F3FA99177F0BD9006BD78F /* HueTests.m */ = {isa = PBXFileReference; lastKnownFileType = sourcecode.c.objc; path = HueTests.m; sourceTree = "<group>"; };
/* End PBXFileReference section */

/* Begin PBXFrameworksBuildPhase section */
		63F3FA68177F0BD8006BD78F /* Frameworks */ = {
			isa = PBXFrameworksBuildPhase;
			buildActionMask = 2147483647;
			files = (
				63F3FA71177F0BD9006BD78F /* CoreGraphics.framework in Frameworks */,
				63F3FA75177F0BD9006BD78F /* CoreData.framework in Frameworks */,
				63F3FA73177F0BD9006BD78F /* UIKit.framework in Frameworks */,
				63F3FA6F177F0BD9006BD78F /* Foundation.framework in Frameworks */,
			);
			runOnlyForDeploymentPostprocessing = 0;
		};
		63F3FA88177F0BD9006BD78F /* Frameworks */ = {
			isa = PBXFrameworksBuildPhase;
			buildActionMask = 2147483647;
			files = (
				63F3FA8D177F0BD9006BD78F /* XCTest.framework in Frameworks */,
				63F3FA90177F0BD9006BD78F /* CoreData.framework in Frameworks */,
				63F3FA8F177F0BD9006BD78F /* UIKit.framework in Frameworks */,
				63F3FA8E177F0BD9006BD78F /* Foundation.framework in Frameworks */,
			);
			runOnlyForDeploymentPostprocessing = 0;
		};
/* End PBXFrameworksBuildPhase section */

/* Begin PBXGroup section */
		63F3FA62177F0BD8006BD78F = {
			isa = PBXGroup;
			children = (
				63F3FA76177F0BD9006BD78F /* Hue */,
				63F3FA93177F0BD9006BD78F /* HueTests */,
				63F3FA6D177F0BD9006BD78F /* Frameworks */,
				63F3FA6C177F0BD9006BD78F /* Products */,
			);
			sourceTree = "<group>";
		};
		63F3FA6C177F0BD9006BD78F /* Products */ = {
			isa = PBXGroup;
			children = (
				63F3FA6B177F0BD9006BD78F /* Hue.app */,
				63F3FA8B177F0BD9006BD78F /* HueTests.xctest */,
			);
			name = Products;
			sourceTree = "<group>";
		};
		63F3FA6D177F0BD9006BD78F /* Frameworks */ = {
			isa = PBXGroup;
			children = (
				63F3FA6E177F0BD9006BD78F /* Foundation.framework */,
				63F3FA70177F0BD9006BD78F /* CoreGraphics.framework */,
				63F3FA72177F0BD9006BD78F /* UIKit.framework */,
				63F3FA74177F0BD9006BD78F /* CoreData.framework */,
				63F3FA8C177F0BD9006BD78F /* XCTest.framework */,
			);
			name = Frameworks;
			sourceTree = "<group>";
		};
		63F3FA76177F0BD9006BD78F /* Hue */ = {
			isa = PBXGroup;
			children = (
				63F3FA7F177F0BD9006BD78F /* AppDelegate.h */,
				63F3FA80177F0BD9006BD78F /* AppDelegate.m */,
				63F3FA85177F0BD9006BD78F /* Images.xcassets */,
				63F3FA82177F0BD9006BD78F /* Hue.xcdatamodeld */,
				63F3FA77177F0BD9006BD78F /* Supporting Files */,
			);
			path = Hue;
			sourceTree = "<group>";
		};
		63F3FA77177F0BD9006BD78F /* Supporting Files */ = {
			isa = PBXGroup;
			children = (
				63F3FA78177F0BD9006BD78F /* Hue-Info.plist */,
				63F3FA79177F0BD9006BD78F /* InfoPlist.strings */,
				63F3FA7C177F0BD9006BD78F /* main.m */,
				63F3FA7E177F0BD9006BD78F /* Hue-Prefix.pch */,
			);
			name = "Supporting Files";
			sourceTree = "<group>";
		};
		63F3FA93177F0BD9006BD78F /* HueTests */ = {
			isa = PBXGroup;
			children = (
				63F3FA99177F0BD9006BD78F /* HueTests.m */,
				63F3FA94177F0BD9006BD78F /* Supporting Files */,
			);
			path = HueTests;
			sourceTree = "<group>";
		};
		63F3FA94177F0BD9006BD78F /* Supporting Files */ = {
			isa = PBXGroup;
			children = (
				63F3FA95177F0BD9006BD78F /* HueTests-Info.plist */,
				63F3FA96177F0BD9006BD78F /* InfoPlist.strings */,
			);
			name = "Supporting Files";
			sourceTree = "<group>";
		};
/* End PBXGroup section */

/* Begin PBXNativeTarget section */
		63F3FA6A177F0BD8006BD78F /* Hue */ = {
			isa = PBXNativeTarget;
			buildConfigurationList = 63F3FA9D177F0BD9006BD78F /* Build configuration list for PBXNativeTarget "Hue" */;
			buildPhases = (
				63F3FA67177F0BD8006BD78F /* Sources */,
				63F3FA68177F0BD8006BD78F /* Frameworks */,
				63F3FA69177F0BD8006BD78F /* Resources */,
			);
			buildRules = (
			);
			dependencies = (
			);
			name = Hue;
			productName = Hue;
			productReference = 63F3FA6B177F0BD9006BD78F /* Hue.app */;
			productType = "com.apple.product-type.application";
		};
		63F3FA8A177F0BD9006BD78F /* HueTests */ = {
			isa = PBXNativeTarget;
			buildConfigurationList = 63F3FAA0177F0BD9006BD78F /* Build configuration list for PBXNativeTarget "HueTests" */;
			buildPhases = (
				63F3FA87177F0BD9006BD78F /* Sources */,
				63F3FA88177F0BD9006BD78F /* Frameworks */,
				63F3FA89177F0BD9006BD78F /* Resources */,
			);
			buildRules = (
			);
			dependencies = (
				63F3FA92177F0BD9006BD78F /* PBXTargetDependency */,
			);
			name = HueTests;
			productName = HueTests;
			productReference = 63F3FA8B177F0BD9006BD78F /* HueTests.xctest */;
			productType = "com.apple.product-type.bundle.unit-test";
		};
/* End PBXNativeTarget section */

/* Begin PBXProject section */
		63F3FA63177F0BD8006BD78F /* Project object */ = {
			isa = PBXProject;
			attributes = {
				LastUpgradeCheck = 0500;
				ORGANIZATIONNAME = "David Mazza";
				TargetAttributes = {
					63F3FA8A177F0BD9006BD78F = {
						TestTargetID = 63F3FA6A177F0BD8006BD78F;
					};
				};
			};
			buildConfigurationList = 63F3FA66177F0BD8006BD78F /* Build configuration list for PBXProject "Hue" */;
			compatibilityVersion = "Xcode 3.2";
			developmentRegion = English;
			hasScannedForEncodings = 0;
			knownRegions = (
				en,
			);
			mainGroup = 63F3FA62177F0BD8006BD78F;
			productRefGroup = 63F3FA6C177F0BD9006BD78F /* Products */;
			projectDirPath = "";
			projectRoot = "";
			targets = (
				63F3FA6A177F0BD8006BD78F /* Hue */,
				63F3FA8A177F0BD9006BD78F /* HueTests */,
			);
		};
/* End PBXProject section */

/* Begin PBXResourcesBuildPhase section */
		63F3FA69177F0BD8006BD78F /* Resources */ = {
			isa = PBXResourcesBuildPhase;
			buildActionMask = 2147483647;
			files = (
				63F3FA7B177F0BD9006BD78F /* InfoPlist.strings in Resources */,
				63F3FA86177F0BD9006BD78F /* Images.xcassets in Resources */,
			);
			runOnlyForDeploymentPostprocessing = 0;
		};
		63F3FA89177F0BD9006BD78F /* Resources */ = {
			isa = PBXResourcesBuildPhase;
			buildActionMask = 2147483647;
			files = (
				63F3FA98177F0BD9006BD78F /* InfoPlist.strings in Resources */,
			);
			runOnlyForDeploymentPostprocessing = 0;
		};
/* End PBXResourcesBuildPhase section */

/* Begin PBXSourcesBuildPhase section */
		63F3FA67177F0BD8006BD78F /* Sources */ = {
			isa = PBXSourcesBuildPhase;
			buildActionMask = 2147483647;
			files = (
				63F3FA81177F0BD9006BD78F /* AppDelegate.m in Sources */,
				63F3FA7D177F0BD9006BD78F /* main.m in Sources */,
				63F3FA84177F0BD9006BD78F /* Hue.xcdatamodeld in Sources */,
			);
			runOnlyForDeploymentPostprocessing = 0;
		};
		63F3FA87177F0BD9006BD78F /* Sources */ = {
			isa = PBXSourcesBuildPhase;
			buildActionMask = 2147483647;
			files = (
				63F3FA9A177F0BD9006BD78F /* HueTests.m in Sources */,
			);
			runOnlyForDeploymentPostprocessing = 0;
		};
/* End PBXSourcesBuildPhase section */

/* Begin PBXTargetDependency section */
		63F3FA92177F0BD9006BD78F /* PBXTargetDependency */ = {
			isa = PBXTargetDependency;
			target = 63F3FA6A177F0BD8006BD78F /* Hue */;
			targetProxy = 63F3FA91177F0BD9006BD78F /* PBXContainerItemProxy */;
		};
/* End PBXTargetDependency section */

/* Begin PBXVariantGroup section */
		63F3FA79177F0BD9006BD78F /* InfoPlist.strings */ = {
			isa = PBXVariantGroup;
			children = (
				63F3FA7A177F0BD9006BD78F /* en */,
			);
			name = InfoPlist.strings;
			sourceTree = "<group>";
		};
		63F3FA96177F0BD9006BD78F /* InfoPlist.strings */ = {
			isa = PBXVariantGroup;
			children = (
				63F3FA97177F0BD9006BD78F /* en */,
			);
			name = InfoPlist.strings;
			sourceTree = "<group>";
		};
/* End PBXVariantGroup section */

/* Begin XCBuildConfiguration section */
		63F3FA9B177F0BD9006BD78F /* Debug */ = {
			isa = XCBuildConfiguration;
			buildSettings = {
				ALWAYS_SEARCH_USER_PATHS = NO;
				CLANG_CXX_LANGUAGE_STANDARD = "gnu++0x";
				CLANG_CXX_LIBRARY = "libc++";
				CLANG_ENABLE_MODULES = YES;
				CLANG_ENABLE_OBJC_ARC = YES;
				CLANG_WARN_BOOL_CONVERSION = YES;
				CLANG_WARN_CONSTANT_CONVERSION = YES;
				CLANG_WARN_DIRECT_OBJC_ISA_USAGE = YES_ERROR;
				CLANG_WARN_EMPTY_BODY = YES;
				CLANG_WARN_ENUM_CONVERSION = YES;
				CLANG_WARN_INT_CONVERSION = YES;
				CLANG_WARN_OBJC_ROOT_CLASS = YES_ERROR;
				CLANG_WARN__DUPLICATE_METHOD_MATCH = YES;
				"CODE_SIGN_IDENTITY[sdk=iphoneos*]" = "iPhone Developer";
				COPY_PHASE_STRIP = NO;
				GCC_C_LANGUAGE_STANDARD = gnu99;
				GCC_DYNAMIC_NO_PIC = NO;
				GCC_OPTIMIZATION_LEVEL = 0;
				GCC_PREPROCESSOR_DEFINITIONS = (
					"DEBUG=1",
					"$(inherited)",
				);
				GCC_SYMBOLS_PRIVATE_EXTERN = NO;
				GCC_WARN_ABOUT_RETURN_TYPE = YES_ERROR;
				GCC_WARN_UNDECLARED_SELECTOR = YES;
				GCC_WARN_UNINITIALIZED_AUTOS = YES;
				GCC_WARN_UNUSED_FUNCTION = YES;
				GCC_WARN_UNUSED_VARIABLE = YES;
				IPHONEOS_DEPLOYMENT_TARGET = 7.0;
				ONLY_ACTIVE_ARCH = YES;
				SDKROOT = iphoneos;
			};
			name = Debug;
		};
		63F3FA9C177F0BD9006BD78F /* Release */ = {
			isa = XCBuildConfiguration;
			buildSettings = {
				ALWAYS_SEARCH_USER_PATHS = NO;
				CLANG_CXX_LANGUAGE_STANDARD = "gnu++0x";
				CLANG_CXX_LIBRARY = "libc++";
				CLANG_ENABLE_MODULES = YES;
				CLANG_ENABLE_OBJC_ARC = YES;
				CLANG_WARN_BOOL_CONVERSION = YES;
				CLANG_WARN_CONSTANT_CONVERSION = YES;
				CLANG_WARN_DIRECT_OBJC_ISA_USAGE = YES_ERROR;
				CLANG_WARN_EMPTY_BODY = YES;
				CLANG_WARN_ENUM_CONVERSION = YES;
				CLANG_WARN_INT_CONVERSION = YES;
				CLANG_WARN_OBJC_ROOT_CLASS = YES_ERROR;
				CLANG_WARN__DUPLICATE_METHOD_MATCH = YES;
				"CODE_SIGN_IDENTITY[sdk=iphoneos*]" = "iPhone Developer";
				COPY_PHASE_STRIP = YES;
				ENABLE_NS_ASSERTIONS = NO;
				GCC_C_LANGUAGE_STANDARD = gnu99;
				GCC_WARN_ABOUT_RETURN_TYPE = YES_ERROR;
				GCC_WARN_UNDECLARED_SELECTOR = YES;
				GCC_WARN_UNINITIALIZED_AUTOS = YES;
				GCC_WARN_UNUSED_FUNCTION = YES;
				GCC_WARN_UNUSED_VARIABLE = YES;
				IPHONEOS_DEPLOYMENT_TARGET = 7.0;
				SDKROOT = iphoneos;
				VALIDATE_PRODUCT = YES;
			};
			name = Release;
		};
		63F3FA9E177F0BD9006BD78F /* Debug */ = {
			isa = XCBuildConfiguration;
			buildSettings = {
				ASSETCATALOG_COMPILER_APPICON_NAME = AppIcon;
				ASSETCATALOG_COMPILER_LAUNCHIMAGE_NAME = LaunchImage;
				GCC_PRECOMPILE_PREFIX_HEADER = YES;
				GCC_PREFIX_HEADER = "Hue/Hue-Prefix.pch";
				INFOPLIST_FILE = "Hue/Hue-Info.plist";
				PRODUCT_NAME = "$(TARGET_NAME)";
				WRAPPER_EXTENSION = app;
			};
			name = Debug;
		};
		63F3FA9F177F0BD9006BD78F /* Release */ = {
			isa = XCBuildConfiguration;
			buildSettings = {
				ASSETCATALOG_COMPILER_APPICON_NAME = AppIcon;
				ASSETCATALOG_COMPILER_LAUNCHIMAGE_NAME = LaunchImage;
				GCC_PRECOMPILE_PREFIX_HEADER = YES;
				GCC_PREFIX_HEADER = "Hue/Hue-Prefix.pch";
				INFOPLIST_FILE = "Hue/Hue-Info.plist";
				PRODUCT_NAME = "$(TARGET_NAME)";
				WRAPPER_EXTENSION = app;
			};
			name = Release;
		};
		63F3FAA1177F0BD9006BD78F /* Debug */ = {
			isa = XCBuildConfiguration;
			buildSettings = {
				BUNDLE_LOADER = "$(BUILT_PRODUCTS_DIR)/Hue.app/Hue";
				FRAMEWORK_SEARCH_PATHS = (
					"$(SDKROOT)/Developer/Library/Frameworks",
					"$(inherited)",
					"$(SYSTEM_APPS_DIR)/Xcode5-DP.app/Contents/Developer/Library/Frameworks",
				);
				GCC_PRECOMPILE_PREFIX_HEADER = YES;
				GCC_PREFIX_HEADER = "Hue/Hue-Prefix.pch";
				GCC_PREPROCESSOR_DEFINITIONS = (
					"DEBUG=1",
					"$(inherited)",
				);
				INFOPLIST_FILE = "HueTests/HueTests-Info.plist";
				PRODUCT_NAME = "$(TARGET_NAME)";
				TEST_HOST = "$(BUNDLE_LOADER)";
				WRAPPER_EXTENSION = xctest;
			};
			name = Debug;
		};
		63F3FAA2177F0BD9006BD78F /* Release */ = {
			isa = XCBuildConfiguration;
			buildSettings = {
				BUNDLE_LOADER = "$(BUILT_PRODUCTS_DIR)/Hue.app/Hue";
				FRAMEWORK_SEARCH_PATHS = (
					"$(SDKROOT)/Developer/Library/Frameworks",
					"$(inherited)",
					"$(SYSTEM_APPS_DIR)/Xcode5-DP.app/Contents/Developer/Library/Frameworks",
				);
				GCC_PRECOMPILE_PREFIX_HEADER = YES;
				GCC_PREFIX_HEADER = "Hue/Hue-Prefix.pch";
				INFOPLIST_FILE = "HueTests/HueTests-Info.plist";
				PRODUCT_NAME = "$(TARGET_NAME)";
				TEST_HOST = "$(BUNDLE_LOADER)";
				WRAPPER_EXTENSION = xctest;
			};
			name = Release;
		};
/* End XCBuildConfiguration section */

/* Begin XCConfigurationList section */
		63F3FA66177F0BD8006BD78F /* Build configuration list for PBXProject "Hue" */ = {
			isa = XCConfigurationList;
			buildConfigurations = (
				63F3FA9B177F0BD9006BD78F /* Debug */,
				63F3FA9C177F0BD9006BD78F /* Release */,
			);
			defaultConfigurationIsVisible = 0;
			defaultConfigurationName = Release;
		};
		63F3FA9D177F0BD9006BD78F /* Build configuration list for PBXNativeTarget "Hue" */ = {
			isa = XCConfigurationList;
			buildConfigurations = (
				63F3FA9E177F0BD9006BD78F /* Debug */,
				63F3FA9F177F0BD9006BD78F /* Release */,
			);
			defaultConfigurationIsVisible = 0;
		};
		63F3FAA0177F0BD9006BD78F /* Build configuration list for PBXNativeTarget "HueTests" */ = {
			isa = XCConfigurationList;
			buildConfigurations = (
				63F3FAA1177F0BD9006BD78F /* Debug */,
				63F3FAA2177F0BD9006BD78F /* Release */,
			);
			defaultConfigurationIsVisible = 0;
		};
/* End XCConfigurationList section */

/* Begin XCVersionGroup section */
		63F3FA82177F0BD9006BD78F /* Hue.xcdatamodeld */ = {
			isa = XCVersionGroup;
			children = (
				63F3FA83177F0BD9006BD78F /* Hue.xcdatamodel */,
			);
			currentVersion = 63F3FA83177F0BD9006BD78F /* Hue.xcdatamodel */;
			path = Hue.xcdatamodeld;
			sourceTree = "<group>";
			versionGroupType = wrapper.xcdatamodel;
		};
/* End XCVersionGroup section */
	};
	rootObject = 63F3FA63177F0BD8006BD78F /* Project object */;
}
